{
	"name": "digitalhuman-uni-app",
	"version": "1.0.0",
	"lockfileVersion": 3,
	"requires": true,
	"packages": {
		"": {
			"name": "digitalhuman-uni-app",
			"version": "1.0.0",
			"license": "ISC",
			"devDependencies": {
				"@uni-helper/uni-app-types": "^0.5.12",
				"@uni-helper/uni-cloud-types": "^0.5.2",
				"@uni-helper/uni-ui-types": "^0.5.11"
			}
		},
		"node_modules/@babel/parser": {
			"version": "7.23.0",
			"resolved": "https://registry.npmmirror.com/@babel/parser/-/parser-7.23.0.tgz",
			"integrity": "sha512-vvPKKdMemU85V9WE/l5wZEmImpCtLqbnTvqDS2U1fJ96KrxoW7KrXhNsNCblQlg8Ck4b85yxdTyelsMUgFUXiw==",
			"dev": true,
			"bin": {
				"parser": "bin/babel-parser.js"
			},
			"engines": {
				"node": ">=6.0.0"
			}
		},
		"node_modules/@dcloudio/types": {
			"version": "3.4.0",
			"resolved": "https://registry.npmmirror.com/@dcloudio/types/-/types-3.4.0.tgz",
			"integrity": "sha512-xZMK+Su2dRT5h/INOyyqj3kYHzvEcryjk+01ZYcEwa8dqohk6U7ndcQFC/FjRBOHNB01yJWREgnDB5aThVtYjA==",
			"dev": true
		},
		"node_modules/@jridgewell/sourcemap-codec": {
			"version": "1.4.15",
			"resolved": "https://registry.npmmirror.com/@jridgewell/sourcemap-codec/-/sourcemap-codec-1.4.15.tgz",
			"integrity": "sha512-eF2rxCRulEKXHTRiDrDy6erMYWqNw4LPdQ8UQA4huuxaQsVeRPFl2oM8oDGxMFhJUWZf9McpLtJasDDZb/Bpeg==",
			"dev": true
		},
		"node_modules/@uni-helper/uni-app-types": {
			"version": "0.5.12",
			"resolved": "https://registry.npmmirror.com/@uni-helper/uni-app-types/-/uni-app-types-0.5.12.tgz",
			"integrity": "sha512-SeUEgDgGftI4XEp1AB3C6IFLnRPT83tgTCCmlLUBmQyHh+UhRY+CX4QtgQ0n/kF8txNUq8Bc9YwKlYdXQGx6Ww==",
			"dev": true,
			"dependencies": {
				"@dcloudio/types": "^3.3.3",
				"vue3": "npm:vue@^3.3.2"
			},
			"engines": {
				"node": ">=14.18"
			},
			"peerDependencies": {
				"typescript": "^4.8.0 || ^5.0.0"
			}
		},
		"node_modules/@uni-helper/uni-cloud-types": {
			"version": "0.5.2",
			"resolved": "https://registry.npmmirror.com/@uni-helper/uni-cloud-types/-/uni-cloud-types-0.5.2.tgz",
			"integrity": "sha512-DnzYI4CYzBxSqDqjT9RK/lFK19igKTrqAKeXSGd2lgaE1bC+gg2DvBSNWtjGbZw24oReNeXxaQVx6f5iOjxw/Q==",
			"dev": true,
			"dependencies": {
				"@dcloudio/types": "^3.3.3",
				"@uni-helper/uni-app-types": "^0.5.5",
				"vue3": "npm:vue@^3.2.47"
			},
			"engines": {
				"node": ">=14.18"
			},
			"peerDependencies": {
				"@uni-helper/uni-app-types": "^0.5.1"
			},
			"peerDependenciesMeta": {
				"@uni-helper/uni-app-types": {
					"optional": true
				}
			}
		},
		"node_modules/@uni-helper/uni-ui-types": {
			"version": "0.5.11",
			"resolved": "https://registry.npmmirror.com/@uni-helper/uni-ui-types/-/uni-ui-types-0.5.11.tgz",
			"integrity": "sha512-tGX4llyJBdq9TmNjmZYKu4eueUWUU0F/YgZeTWDgVCmlgYGavhcUL7R+I0Uxe5hGoqFXkNf0ZnmG/WFZWfK/HQ==",
			"dev": true,
			"dependencies": {
				"@dcloudio/types": "^3.3.3",
				"@uni-helper/uni-app-types": "^0.5.7",
				"vue3": "npm:vue@^3.2.47"
			},
			"engines": {
				"node": ">=14.18"
			},
			"peerDependencies": {
				"@uni-helper/uni-app-types": "^0.5.1"
			},
			"peerDependenciesMeta": {
				"@uni-helper/uni-app-types": {
					"optional": true
				}
			}
		},
		"node_modules/@vue/compiler-core": {
			"version": "3.3.4",
			"resolved": "https://registry.npmmirror.com/@vue/compiler-core/-/compiler-core-3.3.4.tgz",
			"integrity": "sha512-cquyDNvZ6jTbf/+x+AgM2Arrp6G4Dzbb0R64jiG804HRMfRiFXWI6kqUVqZ6ZR0bQhIoQjB4+2bhNtVwndW15g==",
			"dev": true,
			"dependencies": {
				"@babel/parser": "^7.21.3",
				"@vue/shared": "3.3.4",
				"estree-walker": "^2.0.2",
				"source-map-js": "^1.0.2"
			}
		},
		"node_modules/@vue/compiler-dom": {
			"version": "3.3.4",
			"resolved": "https://registry.npmmirror.com/@vue/compiler-dom/-/compiler-dom-3.3.4.tgz",
			"integrity": "sha512-wyM+OjOVpuUukIq6p5+nwHYtj9cFroz9cwkfmP9O1nzH68BenTTv0u7/ndggT8cIQlnBeOo6sUT/gvHcIkLA5w==",
			"dev": true,
			"dependencies": {
				"@vue/compiler-core": "3.3.4",
				"@vue/shared": "3.3.4"
			}
		},
		"node_modules/@vue/compiler-sfc": {
			"version": "3.3.4",
			"resolved": "https://registry.npmmirror.com/@vue/compiler-sfc/-/compiler-sfc-3.3.4.tgz",
			"integrity": "sha512-6y/d8uw+5TkCuzBkgLS0v3lSM3hJDntFEiUORM11pQ/hKvkhSKZrXW6i69UyXlJQisJxuUEJKAWEqWbWsLeNKQ==",
			"dev": true,
			"dependencies": {
				"@babel/parser": "^7.20.15",
				"@vue/compiler-core": "3.3.4",
				"@vue/compiler-dom": "3.3.4",
				"@vue/compiler-ssr": "3.3.4",
				"@vue/reactivity-transform": "3.3.4",
				"@vue/shared": "3.3.4",
				"estree-walker": "^2.0.2",
				"magic-string": "^0.30.0",
				"postcss": "^8.1.10",
				"source-map-js": "^1.0.2"
			}
		},
		"node_modules/@vue/compiler-ssr": {
			"version": "3.3.4",
			"resolved": "https://registry.npmmirror.com/@vue/compiler-ssr/-/compiler-ssr-3.3.4.tgz",
			"integrity": "sha512-m0v6oKpup2nMSehwA6Uuu+j+wEwcy7QmwMkVNVfrV9P2qE5KshC6RwOCq8fjGS/Eak/uNb8AaWekfiXxbBB6gQ==",
			"dev": true,
			"dependencies": {
				"@vue/compiler-dom": "3.3.4",
				"@vue/shared": "3.3.4"
			}
		},
		"node_modules/@vue/reactivity": {
			"version": "3.3.4",
			"resolved": "https://registry.npmmirror.com/@vue/reactivity/-/reactivity-3.3.4.tgz",
			"integrity": "sha512-kLTDLwd0B1jG08NBF3R5rqULtv/f8x3rOFByTDz4J53ttIQEDmALqKqXY0J+XQeN0aV2FBxY8nJDf88yvOPAqQ==",
			"dev": true,
			"dependencies": {
				"@vue/shared": "3.3.4"
			}
		},
		"node_modules/@vue/reactivity-transform": {
			"version": "3.3.4",
			"resolved": "https://registry.npmmirror.com/@vue/reactivity-transform/-/reactivity-transform-3.3.4.tgz",
			"integrity": "sha512-MXgwjako4nu5WFLAjpBnCj/ieqcjE2aJBINUNQzkZQfzIZA4xn+0fV1tIYBJvvva3N3OvKGofRLvQIwEQPpaXw==",
			"dev": true,
			"dependencies": {
				"@babel/parser": "^7.20.15",
				"@vue/compiler-core": "3.3.4",
				"@vue/shared": "3.3.4",
				"estree-walker": "^2.0.2",
				"magic-string": "^0.30.0"
			}
		},
		"node_modules/@vue/runtime-core": {
			"version": "3.3.4",
			"resolved": "https://registry.npmmirror.com/@vue/runtime-core/-/runtime-core-3.3.4.tgz",
			"integrity": "sha512-R+bqxMN6pWO7zGI4OMlmvePOdP2c93GsHFM/siJI7O2nxFRzj55pLwkpCedEY+bTMgp5miZ8CxfIZo3S+gFqvA==",
			"dev": true,
			"dependencies": {
				"@vue/reactivity": "3.3.4",
				"@vue/shared": "3.3.4"
			}
		},
		"node_modules/@vue/runtime-dom": {
			"version": "3.3.4",
			"resolved": "https://registry.npmmirror.com/@vue/runtime-dom/-/runtime-dom-3.3.4.tgz",
			"integrity": "sha512-Aj5bTJ3u5sFsUckRghsNjVTtxZQ1OyMWCr5dZRAPijF/0Vy4xEoRCwLyHXcj4D0UFbJ4lbx3gPTgg06K/GnPnQ==",
			"dev": true,
			"dependencies": {
				"@vue/runtime-core": "3.3.4",
				"@vue/shared": "3.3.4",
				"csstype": "^3.1.1"
			}
		},
		"node_modules/@vue/server-renderer": {
			"version": "3.3.4",
			"resolved": "https://registry.npmmirror.com/@vue/server-renderer/-/server-renderer-3.3.4.tgz",
			"integrity": "sha512-Q6jDDzR23ViIb67v+vM1Dqntu+HUexQcsWKhhQa4ARVzxOY2HbC7QRW/ggkDBd5BU+uM1sV6XOAP0b216o34JQ==",
			"dev": true,
			"dependencies": {
				"@vue/compiler-ssr": "3.3.4",
				"@vue/shared": "3.3.4"
			},
			"peerDependencies": {
				"vue": "3.3.4"
			}
		},
		"node_modules/@vue/shared": {
			"version": "3.3.4",
			"resolved": "https://registry.npmmirror.com/@vue/shared/-/shared-3.3.4.tgz",
			"integrity": "sha512-7OjdcV8vQ74eiz1TZLzZP4JwqM5fA94K6yntPS5Z25r9HDuGNzaGdgvwKYq6S+MxwF0TFRwe50fIR/MYnakdkQ==",
			"dev": true
		},
		"node_modules/csstype": {
			"version": "3.1.2",
			"resolved": "https://registry.npmmirror.com/csstype/-/csstype-3.1.2.tgz",
			"integrity": "sha512-I7K1Uu0MBPzaFKg4nI5Q7Vs2t+3gWWW648spaF+Rg7pI9ds18Ugn+lvg4SHczUdKlHI5LWBXyqfS8+DufyBsgQ==",
			"dev": true
		},
		"node_modules/estree-walker": {
			"version": "2.0.2",
			"resolved": "https://registry.npmmirror.com/estree-walker/-/estree-walker-2.0.2.tgz",
			"integrity": "sha512-Rfkk/Mp/DL7JVje3u18FxFujQlTNR2q6QfMSMB7AvCBx91NGj/ba3kCfza0f6dVDbw7YlRf/nDrn7pQrCCyQ/w==",
			"dev": true
		},
		"node_modules/magic-string": {
			"version": "0.30.4",
			"resolved": "https://registry.npmmirror.com/magic-string/-/magic-string-0.30.4.tgz",
			"integrity": "sha512-Q/TKtsC5BPm0kGqgBIF9oXAs/xEf2vRKiIB4wCRQTJOQIByZ1d+NnUOotvJOvNpi5RNIgVOMC3pOuaP1ZTDlVg==",
			"dev": true,
			"dependencies": {
				"@jridgewell/sourcemap-codec": "^1.4.15"
			},
			"engines": {
				"node": ">=12"
			}
		},
		"node_modules/nanoid": {
			"version": "3.3.6",
			"resolved": "https://registry.npmmirror.com/nanoid/-/nanoid-3.3.6.tgz",
			"integrity": "sha512-BGcqMMJuToF7i1rt+2PWSNVnWIkGCU78jBG3RxO/bZlnZPK2Cmi2QaffxGO/2RvWi9sL+FAiRiXMgsyxQ1DIDA==",
			"dev": true,
			"bin": {
				"nanoid": "bin/nanoid.cjs"
			},
			"engines": {
				"node": "^10 || ^12 || ^13.7 || ^14 || >=15.0.1"
			}
		},
		"node_modules/picocolors": {
			"version": "1.0.0",
			"resolved": "https://registry.npmmirror.com/picocolors/-/picocolors-1.0.0.tgz",
			"integrity": "sha512-1fygroTLlHu66zi26VoTDv8yRgm0Fccecssto+MhsZ0D/DGW2sm8E8AjW7NU5VVTRt5GxbeZ5qBuJr+HyLYkjQ==",
			"dev": true
		},
		"node_modules/postcss": {
			"version": "8.4.31",
			"resolved": "https://registry.npmmirror.com/postcss/-/postcss-8.4.31.tgz",
			"integrity": "sha512-PS08Iboia9mts/2ygV3eLpY5ghnUcfLV/EXTOW1E2qYxJKGGBUtNjN76FYHnMs36RmARn41bC0AZmn+rR0OVpQ==",
			"dev": true,
			"dependencies": {
				"nanoid": "^3.3.6",
				"picocolors": "^1.0.0",
				"source-map-js": "^1.0.2"
			},
			"engines": {
				"node": "^10 || ^12 || >=14"
			}
		},
		"node_modules/source-map-js": {
			"version": "1.0.2",
			"resolved": "https://registry.npmmirror.com/source-map-js/-/source-map-js-1.0.2.tgz",
			"integrity": "sha512-R0XvVJ9WusLiqTCEiGCmICCMplcCkIwwR11mOSD9CR5u+IXYdiseeEuXCVAjS54zqwkLcPNnmU4OeJ6tUrWhDw==",
			"dev": true,
			"engines": {
				"node": ">=0.10.0"
			}
		},
		"node_modules/typescript": {
			"version": "5.2.2",
			"resolved": "https://registry.npmmirror.com/typescript/-/typescript-5.2.2.tgz",
			"integrity": "sha512-mI4WrpHsbCIcwT9cF4FZvr80QUeKvsUsUvKDoR+X/7XHQH98xYD8YHZg7ANtz2GtZt/CBq2QJ0thkGJMHfqc1w==",
			"dev": true,
			"peer": true,
			"bin": {
				"tsc": "bin/tsc",
				"tsserver": "bin/tsserver"
			},
			"engines": {
				"node": ">=14.17"
			}
		},
		"node_modules/vue": {
			"version": "3.3.4",
			"resolved": "https://registry.npmmirror.com/vue/-/vue-3.3.4.tgz",
			"integrity": "sha512-VTyEYn3yvIeY1Py0WaYGZsXnz3y5UnGi62GjVEqvEGPl6nxbOrCXbVOTQWBEJUqAyTUk2uJ5JLVnYJ6ZzGbrSw==",
			"dev": true,
			"peer": true,
			"dependencies": {
				"@vue/compiler-dom": "3.3.4",
				"@vue/compiler-sfc": "3.3.4",
				"@vue/runtime-dom": "3.3.4",
				"@vue/server-renderer": "3.3.4",
				"@vue/shared": "3.3.4"
			}
		},
		"node_modules/vue3": {
			"name": "vue",
			"version": "3.3.4",
			"resolved": "https://registry.npmmirror.com/vue/-/vue-3.3.4.tgz",
			"integrity": "sha512-VTyEYn3yvIeY1Py0WaYGZsXnz3y5UnGi62GjVEqvEGPl6nxbOrCXbVOTQWBEJUqAyTUk2uJ5JLVnYJ6ZzGbrSw==",
			"dev": true,
			"dependencies": {
				"@vue/compiler-dom": "3.3.4",
				"@vue/compiler-sfc": "3.3.4",
				"@vue/runtime-dom": "3.3.4",
				"@vue/server-renderer": "3.3.4",
				"@vue/shared": "3.3.4"
			}
		}
	}
}
